
Microsoft Visual Studio Solution File, Format Version 12.00
# Visual Studio Version 17
VisualStudioVersion = 17.5.002.0
MinimumVisualStudioVersion = 10.0.40219.1
Project("{9A19103F-16F7-4668-BE54-9A1E7A4F7556}") = "AutoMP4toWAV", "AutoMP4toWAV.csproj", "{71345898-39C3-44C0-900E-8F81F5B7C3AD}"
EndProject
Global
	GlobalSection(SolutionConfigurationPlatforms) = preSolution
		Debug|Any CPU = Debug|Any CPU
		Release|Any CPU = Release|Any CPU
	EndGlobalSection
	GlobalSection(ProjectConfigurationPlatforms) = postSolution
		{71345898-39C3-44C0-900E-8F81F5B7C3AD}.Debug|Any CPU.ActiveCfg = Debug|Any CPU
		{71345898-39C3-44C0-900E-8F81F5B7C3AD}.Debug|Any CPU.Build.0 = Debug|Any CPU
		{71345898-39C3-44C0-900E-8F81F5B7C3AD}.Release|Any CPU.ActiveCfg = Release|Any CPU
		{71345898-39C3-44C0-900E-8F81F5B7C3AD}.Release|Any CPU.Build.0 = Release|Any CPU
	EndGlobalSection
	GlobalSection(SolutionProperties) = preSolution
		HideSolutionNode = FALSE
	EndGlobalSection
	GlobalSection(ExtensibilityGlobals) = postSolution
		SolutionGuid = {87A45DB3-93A8-4205-964C-C7F739199AAC}
	EndGlobalSection
EndGlobal
