
Microsoft Visual Studio Solution File, Format Version 12.00
# Visual Studio Version 17
VisualStudioVersion = 17.9.34728.123
MinimumVisualStudioVersion = 10.0.40219.1
Project("{FAE04EC0-301F-11D3-BF4B-00C04F79EFBC}") = "AutoMP4toWAV", "AutoMP4toWAV\AutoMP4toWAV.csproj", "{774E4B5D-2DAD-4FFC-ACC4-24D81357F9B3}"
EndProject
Global
	GlobalSection(SolutionConfigurationPlatforms) = preSolution
		Debug|Any CPU = Debug|Any CPU
		Release|Any CPU = Release|Any CPU
	EndGlobalSection
	GlobalSection(ProjectConfigurationPlatforms) = postSolution
		{774E4B5D-2DAD-4FFC-ACC4-24D81357F9B3}.Debug|Any CPU.ActiveCfg = Debug|Any CPU
		{774E4B5D-2DAD-4FFC-ACC4-24D81357F9B3}.Debug|Any CPU.Build.0 = Debug|Any CPU
		{774E4B5D-2DAD-4FFC-ACC4-24D81357F9B3}.Release|Any CPU.ActiveCfg = Release|Any CPU
		{774E4B5D-2DAD-4FFC-ACC4-24D81357F9B3}.Release|Any CPU.Build.0 = Release|Any CPU
	EndGlobalSection
	GlobalSection(SolutionProperties) = preSolution
		HideSolutionNode = FALSE
	EndGlobalSection
	GlobalSection(ExtensibilityGlobals) = postSolution
		SolutionGuid = {32BE0DDD-3479-47A3-92D8-CCD06FFB9408}
	EndGlobalSection
EndGlobal
